github.com/go-chi/chi/v5 v5.2.5 h1:Eg4myHZBjyvJmAFjFvWgrqDTXFyOzjj7YIm3L3mu6Ug=
github.com/go-chi/chi/v5 v5.2.5/go.mod h1:X7Gx4mteadT3eDOMTsXzmI4/rwUpOwBHLpAfupzFJP0=
github.com/go-chi/cors v1.2.2 h1:Jmey33TE+b+rB7fT8MUy1u0I4L+NARQlK6LhzKPSyQE=
github.com/go-chi/cors v1.2.2/go.mod h1:sSbTewc+6wYHBBCW7ytsFSn836hqM7JxpglAy2Vzc58=
github.com/stripe/stripe-go/v85 v85.0.0 h1:HMlFJXW6I/9WvkeSAtj8V7dI5pzeDu4gS1TaqR1ccI4=
github.com/stripe/stripe-go/v85 v85.0.0/go.mod h1:5P+HGFenpWgak27T5Is6JMsmDfUC1yJnjhhmquz7kXw=
